
Microsoft Visual Studio Solution File, Format Version 11.00
# Visual Studio 2010
Project("{8BC9CEB8-8B4A-11D0-8D11-00A0C91BC942}") = "wysiwyg.win32", "wysiwyg\proj.win32\wysiwyg.win32.vcxproj", "{20F7F68B-D30D-4BC2-9072-F3F694D0BB0D}"
EndProject
Global
	GlobalSection(SolutionConfigurationPlatforms) = preSolution
		Debug|Win32 = Debug|Win32
		Release|Win32 = Release|Win32
	EndGlobalSection
	GlobalSection(ProjectConfigurationPlatforms) = postSolution
		{20F7F68B-D30D-4BC2-9072-F3F694D0BB0D}.Debug|Win32.ActiveCfg = Debug|Win32
		{20F7F68B-D30D-4BC2-9072-F3F694D0BB0D}.Debug|Win32.Build.0 = Debug|Win32
		{20F7F68B-D30D-4BC2-9072-F3F694D0BB0D}.Release|Win32.ActiveCfg = Release|Win32
		{20F7F68B-D30D-4BC2-9072-F3F694D0BB0D}.Release|Win32.Build.0 = Release|Win32
	EndGlobalSection
	GlobalSection(SolutionProperties) = preSolution
		HideSolutionNode = FALSE
	EndGlobalSection
EndGlobal
